
Microsoft Visual Studio Solution File, Format Version 12.00
Project("{FAE04EC0-301F-11D3-BF4B-00C04F79EFBC}") = "RobotConsole", "RobotConsole\RobotConsole.csproj", "{847FD7BF-B36F-49D8-AA2F-8FE2694D6125}"
EndProject
Project("{FAE04EC0-301F-11D3-BF4B-00C04F79EFBC}") = "DSLParser.Test", "DSLParser.Test\DSLParser.Test.csproj", "{BEEF64DB-283B-4782-884E-3C88A059E759}"
EndProject
Project("{FAE04EC0-301F-11D3-BF4B-00C04F79EFBC}") = "DSLParser", "DSLParser\DSLParser.csproj", "{DF25C464-6FF1-4B4B-AB87-5A3916D0D5CA}"
EndProject
Project("{FAE04EC0-301F-11D3-BF4B-00C04F79EFBC}") = "Domain", "Domain\Domain.csproj", "{7EE9D179-FBC2-4E17-A6E2-9CE0ECE657A2}"
EndProject
Global
	GlobalSection(SolutionConfigurationPlatforms) = preSolution
		Debug|Any CPU = Debug|Any CPU
		Release|Any CPU = Release|Any CPU
	EndGlobalSection
	GlobalSection(ProjectConfigurationPlatforms) = postSolution
		{847FD7BF-B36F-49D8-AA2F-8FE2694D6125}.Debug|Any CPU.ActiveCfg = Debug|Any CPU
		{847FD7BF-B36F-49D8-AA2F-8FE2694D6125}.Debug|Any CPU.Build.0 = Debug|Any CPU
		{847FD7BF-B36F-49D8-AA2F-8FE2694D6125}.Release|Any CPU.ActiveCfg = Release|Any CPU
		{847FD7BF-B36F-49D8-AA2F-8FE2694D6125}.Release|Any CPU.Build.0 = Release|Any CPU
		{BEEF64DB-283B-4782-884E-3C88A059E759}.Debug|Any CPU.ActiveCfg = Debug|Any CPU
		{BEEF64DB-283B-4782-884E-3C88A059E759}.Debug|Any CPU.Build.0 = Debug|Any CPU
		{BEEF64DB-283B-4782-884E-3C88A059E759}.Release|Any CPU.ActiveCfg = Release|Any CPU
		{BEEF64DB-283B-4782-884E-3C88A059E759}.Release|Any CPU.Build.0 = Release|Any CPU
		{DF25C464-6FF1-4B4B-AB87-5A3916D0D5CA}.Debug|Any CPU.ActiveCfg = Debug|Any CPU
		{DF25C464-6FF1-4B4B-AB87-5A3916D0D5CA}.Debug|Any CPU.Build.0 = Debug|Any CPU
		{DF25C464-6FF1-4B4B-AB87-5A3916D0D5CA}.Release|Any CPU.ActiveCfg = Release|Any CPU
		{DF25C464-6FF1-4B4B-AB87-5A3916D0D5CA}.Release|Any CPU.Build.0 = Release|Any CPU
		{7EE9D179-FBC2-4E17-A6E2-9CE0ECE657A2}.Debug|Any CPU.ActiveCfg = Debug|Any CPU
		{7EE9D179-FBC2-4E17-A6E2-9CE0ECE657A2}.Debug|Any CPU.Build.0 = Debug|Any CPU
		{7EE9D179-FBC2-4E17-A6E2-9CE0ECE657A2}.Release|Any CPU.ActiveCfg = Release|Any CPU
		{7EE9D179-FBC2-4E17-A6E2-9CE0ECE657A2}.Release|Any CPU.Build.0 = Release|Any CPU
	EndGlobalSection
EndGlobal
